// !$*UTF8*$!
{
	archiveVersion = 1;
	classes = {
	};
	objectVersion = 55;
	objects = {

/* Begin PBXBuildFile section */
		AA5B17B927CBE9C800157715 /* CredentialTextView.swift in Sources */ = {isa = PBXBuildFile; fileRef = AA5B17B827CBE9C800157715 /* CredentialTextView.swift */; };
		AAD6644427C8FC25003AE2CD /* SwiftUI_Login_ScreenApp.swift in Sources */ = {isa = PBXBuildFile; fileRef = AAD6644327C8FC25003AE2CD /* SwiftUI_Login_ScreenApp.swift */; };
		AAD6644627C8FC25003AE2CD /* ContentView.swift in Sources */ = {isa = PBXBuildFile; fileRef = AAD6644527C8FC25003AE2CD /* ContentView.swift */; };
		AAD6644827C8FC27003AE2CD /* Assets.xcassets in Resources */ = {isa = PBXBuildFile; fileRef = AAD6644727C8FC27003AE2CD /* Assets.xcassets */; };
		AAD6644B27C8FC27003AE2CD /* Preview Assets.xcassets in Resources */ = {isa = PBXBuildFile; fileRef = AAD6644A27C8FC27003AE2CD /* Preview Assets.xcassets */; };
		AAD6645527C8FC27003AE2CD /* SwiftUI_Login_ScreenTests.swift in Sources */ = {isa = PBXBuildFile; fileRef = AAD6645427C8FC27003AE2CD /* SwiftUI_Login_ScreenTests.swift */; };
		AAD6645F27C8FC27003AE2CD /* SwiftUI_Login_ScreenUITests.swift in Sources */ = {isa = PBXBuildFile; fileRef = AAD6645E27C8FC27003AE2CD /* SwiftUI_Login_ScreenUITests.swift */; };
		AAD6646127C8FC27003AE2CD /* SwiftUI_Login_ScreenUITestsLaunchTests.swift in Sources */ = {isa = PBXBuildFile; fileRef = AAD6646027C8FC27003AE2CD /* SwiftUI_Login_ScreenUITestsLaunchTests.swift */; };
		AAD6646F27CA33B1003AE2CD /* Lottie in Frameworks */ = {isa = PBXBuildFile; productRef = AAD6646E27CA33B1003AE2CD /* Lottie */; };
		AAD6647127CA3FFD003AE2CD /* LottieLoginView.swift in Sources */ = {isa = PBXBuildFile; fileRef = AAD6647027CA3FFD003AE2CD /* LottieLoginView.swift */; };
		AAD6647727CA4CDC003AE2CD /* 93385-login.json in Resources */ = {isa = PBXBuildFile; fileRef = AAD6647627CA4CDC003AE2CD /* 93385-login.json */; };
/* End PBXBuildFile section */

/* Begin PBXContainerItemProxy section */
		AAD6645127C8FC27003AE2CD /* PBXContainerItemProxy */ = {
			isa = PBXContainerItemProxy;
			containerPortal = AAD6643827C8FC25003AE2CD /* Project object */;
			proxyType = 1;
			remoteGlobalIDString = AAD6643F27C8FC25003AE2CD;
			remoteInfo = "SwiftUI-Login-Screen";
		};
		AAD6645B27C8FC27003AE2CD /* PBXContainerItemProxy */ = {
			isa = PBXContainerItemProxy;
			containerPortal = AAD6643827C8FC25003AE2CD /* Project object */;
			proxyType = 1;
			remoteGlobalIDString = AAD6643F27C8FC25003AE2CD;
			remoteInfo = "SwiftUI-Login-Screen";
		};
/* End PBXContainerItemProxy section */

/* Begin PBXFileReference section */
		AA5B17B827CBE9C800157715 /* CredentialTextView.swift */ = {isa = PBXFileReference; lastKnownFileType = sourcecode.swift; path = CredentialTextView.swift; sourceTree = "<group>"; };
		AAD6644027C8FC25003AE2CD /* SwiftUI-Login-Screen.app */ = {isa = PBXFileReference; explicitFileType = wrapper.application; includeInIndex = 0; path = "SwiftUI-Login-Screen.app"; sourceTree = BUILT_PRODUCTS_DIR; };
		AAD6644327C8FC25003AE2CD /* SwiftUI_Login_ScreenApp.swift */ = {isa = PBXFileReference; lastKnownFileType = sourcecode.swift; path = SwiftUI_Login_ScreenApp.swift; sourceTree = "<group>"; };
		AAD6644527C8FC25003AE2CD /* ContentView.swift */ = {isa = PBXFileReference; lastKnownFileType = sourcecode.swift; path = ContentView.swift; sourceTree = "<group>"; };
		AAD6644727C8FC27003AE2CD /* Assets.xcassets */ = {isa = PBXFileReference; lastKnownFileType = folder.assetcatalog; path = Assets.xcassets; sourceTree = "<group>"; };
		AAD6644A27C8FC27003AE2CD /* Preview Assets.xcassets */ = {isa = PBXFileReference; lastKnownFileType = folder.assetcatalog; path = "Preview Assets.xcassets"; sourceTree = "<group>"; };
		AAD6645027C8FC27003AE2CD /* SwiftUI-Login-ScreenTests.xctest */ = {isa = PBXFileReference; explicitFileType = wrapper.cfbundle; includeInIndex = 0; path = "SwiftUI-Login-ScreenTests.xctest"; sourceTree = BUILT_PRODUCTS_DIR; };
		AAD6645427C8FC27003AE2CD /* SwiftUI_Login_ScreenTests.swift */ = {isa = PBXFileReference; lastKnownFileType = sourcecode.swift; path = SwiftUI_Login_ScreenTests.swift; sourceTree = "<group>"; };
		AAD6645A27C8FC27003AE2CD /* SwiftUI-Login-ScreenUITests.xctest */ = {isa = PBXFileReference; explicitFileType = wrapper.cfbundle; includeInIndex = 0; path = "SwiftUI-Login-ScreenUITests.xctest"; sourceTree = BUILT_PRODUCTS_DIR; };
		AAD6645E27C8FC27003AE2CD /* SwiftUI_Login_ScreenUITests.swift */ = {isa = PBXFileReference; lastKnownFileType = sourcecode.swift; path = SwiftUI_Login_ScreenUITests.swift; sourceTree = "<group>"; };
		AAD6646027C8FC27003AE2CD /* SwiftUI_Login_ScreenUITestsLaunchTests.swift */ = {isa = PBXFileReference; lastKnownFileType = sourcecode.swift; path = SwiftUI_Login_ScreenUITestsLaunchTests.swift; sourceTree = "<group>"; };
		AAD6647027CA3FFD003AE2CD /* LottieLoginView.swift */ = {isa = PBXFileReference; lastKnownFileType = sourcecode.swift; path = LottieLoginView.swift; sourceTree = "<group>"; };
		AAD6647627CA4CDC003AE2CD /* 93385-login.json */ = {isa = PBXFileReference; fileEncoding = 4; lastKnownFileType = text.json; path = "93385-login.json"; sourceTree = "<group>"; };
/* End PBXFileReference section */

/* Begin PBXFrameworksBuildPhase section */
		AAD6643D27C8FC25003AE2CD /* Frameworks */ = {
			isa = PBXFrameworksBuildPhase;
			buildActionMask = 2147483647;
			files = (
				AAD6646F27CA33B1003AE2CD /* Lottie in Frameworks */,
			);
			runOnlyForDeploymentPostprocessing = 0;
		};
		AAD6644D27C8FC27003AE2CD /* Frameworks */ = {
			isa = PBXFrameworksBuildPhase;
			buildActionMask = 2147483647;
			files = (
			);
			runOnlyForDeploymentPostprocessing = 0;
		};
		AAD6645727C8FC27003AE2CD /* Frameworks */ = {
			isa = PBXFrameworksBuildPhase;
			buildActionMask = 2147483647;
			files = (
			);
			runOnlyForDeploymentPostprocessing = 0;
		};
/* End PBXFrameworksBuildPhase section */

/* Begin PBXGroup section */
		AAD6643727C8FC25003AE2CD = {
			isa = PBXGroup;
			children = (
				AAD6644227C8FC25003AE2CD /* SwiftUI-Login-Screen */,
				AAD6645327C8FC27003AE2CD /* SwiftUI-Login-ScreenTests */,
				AAD6645D27C8FC27003AE2CD /* SwiftUI-Login-ScreenUITests */,
				AAD6644127C8FC25003AE2CD /* Products */,
			);
			sourceTree = "<group>";
		};
		AAD6644127C8FC25003AE2CD /* Products */ = {
			isa = PBXGroup;
			children = (
				AAD6644027C8FC25003AE2CD /* SwiftUI-Login-Screen.app */,
				AAD6645027C8FC27003AE2CD /* SwiftUI-Login-ScreenTests.xctest */,
				AAD6645A27C8FC27003AE2CD /* SwiftUI-Login-ScreenUITests.xctest */,
			);
			name = Products;
			sourceTree = "<group>";
		};
		AAD6644227C8FC25003AE2CD /* SwiftUI-Login-Screen */ = {
			isa = PBXGroup;
			children = (
				AAD6644327C8FC25003AE2CD /* SwiftUI_Login_ScreenApp.swift */,
				AAD6644527C8FC25003AE2CD /* ContentView.swift */,
				AAD6647027CA3FFD003AE2CD /* LottieLoginView.swift */,
				AA5B17B827CBE9C800157715 /* CredentialTextView.swift */,
				AAD6644727C8FC27003AE2CD /* Assets.xcassets */,
				AAD6647527CA4CDC003AE2CD /* Lottie */,
				AAD6644927C8FC27003AE2CD /* Preview Content */,
			);
			path = "SwiftUI-Login-Screen";
			sourceTree = "<group>";
		};
		AAD6644927C8FC27003AE2CD /* Preview Content */ = {
			isa = PBXGroup;
			children = (
				AAD6644A27C8FC27003AE2CD /* Preview Assets.xcassets */,
			);
			path = "Preview Content";
			sourceTree = "<group>";
		};
		AAD6645327C8FC27003AE2CD /* SwiftUI-Login-ScreenTests */ = {
			isa = PBXGroup;
			children = (
				AAD6645427C8FC27003AE2CD /* SwiftUI_Login_ScreenTests.swift */,
			);
			path = "SwiftUI-Login-ScreenTests";
			sourceTree = "<group>";
		};
		AAD6645D27C8FC27003AE2CD /* SwiftUI-Login-ScreenUITests */ = {
			isa = PBXGroup;
			children = (
				AAD6645E27C8FC27003AE2CD /* SwiftUI_Login_ScreenUITests.swift */,
				AAD6646027C8FC27003AE2CD /* SwiftUI_Login_ScreenUITestsLaunchTests.swift */,
			);
			path = "SwiftUI-Login-ScreenUITests";
			sourceTree = "<group>";
		};
		AAD6647527CA4CDC003AE2CD /* Lottie */ = {
			isa = PBXGroup;
			children = (
				AAD6647627CA4CDC003AE2CD /* 93385-login.json */,
			);
			path = Lottie;
			sourceTree = "<group>";
		};
/* End PBXGroup section */

/* Begin PBXNativeTarget section */
		AAD6643F27C8FC25003AE2CD /* SwiftUI-Login-Screen */ = {
			isa = PBXNativeTarget;
			buildConfigurationList = AAD6646427C8FC27003AE2CD /* Build configuration list for PBXNativeTarget "SwiftUI-Login-Screen" */;
			buildPhases = (
				AAD6643C27C8FC25003AE2CD /* Sources */,
				AAD6643D27C8FC25003AE2CD /* Frameworks */,
				AAD6643E27C8FC25003AE2CD /* Resources */,
			);
			buildRules = (
			);
			dependencies = (
			);
			name = "SwiftUI-Login-Screen";
			packageProductDependencies = (
				AAD6646E27CA33B1003AE2CD /* Lottie */,
			);
			productName = "SwiftUI-Login-Screen";
			productReference = AAD6644027C8FC25003AE2CD /* SwiftUI-Login-Screen.app */;
			productType = "com.apple.product-type.application";
		};
		AAD6644F27C8FC27003AE2CD /* SwiftUI-Login-ScreenTests */ = {
			isa = PBXNativeTarget;
			buildConfigurationList = AAD6646727C8FC27003AE2CD /* Build configuration list for PBXNativeTarget "SwiftUI-Login-ScreenTests" */;
			buildPhases = (
				AAD6644C27C8FC27003AE2CD /* Sources */,
				AAD6644D27C8FC27003AE2CD /* Frameworks */,
				AAD6644E27C8FC27003AE2CD /* Resources */,
			);
			buildRules = (
			);
			dependencies = (
				AAD6645227C8FC27003AE2CD /* PBXTargetDependency */,
			);
			name = "SwiftUI-Login-ScreenTests";
			productName = "SwiftUI-Login-ScreenTests";
			productReference = AAD6645027C8FC27003AE2CD /* SwiftUI-Login-ScreenTests.xctest */;
			productType = "com.apple.product-type.bundle.unit-test";
		};
		AAD6645927C8FC27003AE2CD /* SwiftUI-Login-ScreenUITests */ = {
			isa = PBXNativeTarget;
			buildConfigurationList = AAD6646A27C8FC27003AE2CD /* Build configuration list for PBXNativeTarget "SwiftUI-Login-ScreenUITests" */;
			buildPhases = (
				AAD6645627C8FC27003AE2CD /* Sources */,
				AAD6645727C8FC27003AE2CD /* Frameworks */,
				AAD6645827C8FC27003AE2CD /* Resources */,
			);
			buildRules = (
			);
			dependencies = (
				AAD6645C27C8FC27003AE2CD /* PBXTargetDependency */,
			);
			name = "SwiftUI-Login-ScreenUITests";
			productName = "SwiftUI-Login-ScreenUITests";
			productReference = AAD6645A27C8FC27003AE2CD /* SwiftUI-Login-ScreenUITests.xctest */;
			productType = "com.apple.product-type.bundle.ui-testing";
		};
/* End PBXNativeTarget section */

/* Begin PBXProject section */
		AAD6643827C8FC25003AE2CD /* Project object */ = {
			isa = PBXProject;
			attributes = {
				BuildIndependentTargetsInParallel = 1;
				LastSwiftUpdateCheck = 1320;
				LastUpgradeCheck = 1320;
				TargetAttributes = {
					AAD6643F27C8FC25003AE2CD = {
						CreatedOnToolsVersion = 13.2.1;
					};
					AAD6644F27C8FC27003AE2CD = {
						CreatedOnToolsVersion = 13.2.1;
						TestTargetID = AAD6643F27C8FC25003AE2CD;
					};
					AAD6645927C8FC27003AE2CD = {
						CreatedOnToolsVersion = 13.2.1;
						TestTargetID = AAD6643F27C8FC25003AE2CD;
					};
				};
			};
			buildConfigurationList = AAD6643B27C8FC25003AE2CD /* Build configuration list for PBXProject "SwiftUI-Login-Screen" */;
			compatibilityVersion = "Xcode 13.0";
			developmentRegion = en;
			hasScannedForEncodings = 0;
			knownRegions = (
				en,
				Base,
			);
			mainGroup = AAD6643727C8FC25003AE2CD;
			packageReferences = (
				AAD6646D27CA33B1003AE2CD /* XCRemoteSwiftPackageReference "lottie-ios" */,
			);
			productRefGroup = AAD6644127C8FC25003AE2CD /* Products */;
			projectDirPath = "";
			projectRoot = "";
			targets = (
				AAD6643F27C8FC25003AE2CD /* SwiftUI-Login-Screen */,
				AAD6644F27C8FC27003AE2CD /* SwiftUI-Login-ScreenTests */,
				AAD6645927C8FC27003AE2CD /* SwiftUI-Login-ScreenUITests */,
			);
		};
/* End PBXProject section */

/* Begin PBXResourcesBuildPhase section */
		AAD6643E27C8FC25003AE2CD /* Resources */ = {
			isa = PBXResourcesBuildPhase;
			buildActionMask = 2147483647;
			files = (
				AAD6647727CA4CDC003AE2CD /* 93385-login.json in Resources */,
				AAD6644B27C8FC27003AE2CD /* Preview Assets.xcassets in Resources */,
				AAD6644827C8FC27003AE2CD /* Assets.xcassets in Resources */,
			);
			runOnlyForDeploymentPostprocessing = 0;
		};
		AAD6644E27C8FC27003AE2CD /* Resources */ = {
			isa = PBXResourcesBuildPhase;
			buildActionMask = 2147483647;
			files = (
			);
			runOnlyForDeploymentPostprocessing = 0;
		};
		AAD6645827C8FC27003AE2CD /* Resources */ = {
			isa = PBXResourcesBuildPhase;
			buildActionMask = 2147483647;
			files = (
			);
			runOnlyForDeploymentPostprocessing = 0;
		};
/* End PBXResourcesBuildPhase section */

/* Begin PBXSourcesBuildPhase section */
		AAD6643C27C8FC25003AE2CD /* Sources */ = {
			isa = PBXSourcesBuildPhase;
			buildActionMask = 2147483647;
			files = (
				AAD6644627C8FC25003AE2CD /* ContentView.swift in Sources */,
				AAD6647127CA3FFD003AE2CD /* LottieLoginView.swift in Sources */,
				AA5B17B927CBE9C800157715 /* CredentialTextView.swift in Sources */,
				AAD6644427C8FC25003AE2CD /* SwiftUI_Login_ScreenApp.swift in Sources */,
			);
			runOnlyForDeploymentPostprocessing = 0;
		};
		AAD6644C27C8FC27003AE2CD /* Sources */ = {
			isa = PBXSourcesBuildPhase;
			buildActionMask = 2147483647;
			files = (
				AAD6645527C8FC27003AE2CD /* SwiftUI_Login_ScreenTests.swift in Sources */,
			);
			runOnlyForDeploymentPostprocessing = 0;
		};
		AAD6645627C8FC27003AE2CD /* Sources */ = {
			isa = PBXSourcesBuildPhase;
			buildActionMask = 2147483647;
			files = (
				AAD6646127C8FC27003AE2CD /* SwiftUI_Login_ScreenUITestsLaunchTests.swift in Sources */,
				AAD6645F27C8FC27003AE2CD /* SwiftUI_Login_ScreenUITests.swift in Sources */,
			);
			runOnlyForDeploymentPostprocessing = 0;
		};
/* End PBXSourcesBuildPhase section */

/* Begin PBXTargetDependency section */
		AAD6645227C8FC27003AE2CD /* PBXTargetDependency */ = {
			isa = PBXTargetDependency;
			target = AAD6643F27C8FC25003AE2CD /* SwiftUI-Login-Screen */;
			targetProxy = AAD6645127C8FC27003AE2CD /* PBXContainerItemProxy */;
		};
		AAD6645C27C8FC27003AE2CD /* PBXTargetDependency */ = {
			isa = PBXTargetDependency;
			target = AAD6643F27C8FC25003AE2CD /* SwiftUI-Login-Screen */;
			targetProxy = AAD6645B27C8FC27003AE2CD /* PBXContainerItemProxy */;
		};
/* End PBXTargetDependency section */

/* Begin XCBuildConfiguration section */
		AAD6646227C8FC27003AE2CD /* Debug */ = {
			isa = XCBuildConfiguration;
			buildSettings = {
				ALWAYS_SEARCH_USER_PATHS = NO;
				CLANG_ANALYZER_NONNULL = YES;
				CLANG_ANALYZER_NUMBER_OBJECT_CONVERSION = YES_AGGRESSIVE;
				CLANG_CXX_LANGUAGE_STANDARD = "gnu++17";
				CLANG_CXX_LIBRARY = "libc++";
				CLANG_ENABLE_MODULES = YES;
				CLANG_ENABLE_OBJC_ARC = YES;
				CLANG_ENABLE_OBJC_WEAK = YES;
				CLANG_WARN_BLOCK_CAPTURE_AUTORELEASING = YES;
				CLANG_WARN_BOOL_CONVERSION = YES;
				CLANG_WARN_COMMA = YES;
				CLANG_WARN_CONSTANT_CONVERSION = YES;
				CLANG_WARN_DEPRECATED_OBJC_IMPLEMENTATIONS = YES;
				CLANG_WARN_DIRECT_OBJC_ISA_USAGE = YES_ERROR;
				CLANG_WARN_DOCUMENTATION_COMMENTS = YES;
				CLANG_WARN_EMPTY_BODY = YES;
				CLANG_WARN_ENUM_CONVERSION = YES;
				CLANG_WARN_INFINITE_RECURSION = YES;
				CLANG_WARN_INT_CONVERSION = YES;
				CLANG_WARN_NON_LITERAL_NULL_CONVERSION = YES;
				CLANG_WARN_OBJC_IMPLICIT_RETAIN_SELF = YES;
				CLANG_WARN_OBJC_LITERAL_CONVERSION = YES;
				CLANG_WARN_OBJC_ROOT_CLASS = YES_ERROR;
				CLANG_WARN_QUOTED_INCLUDE_IN_FRAMEWORK_HEADER = YES;
				CLANG_WARN_RANGE_LOOP_ANALYSIS = YES;
				CLANG_WARN_STRICT_PROTOTYPES = YES;
				CLANG_WARN_SUSPICIOUS_MOVE = YES;
				CLANG_WARN_UNGUARDED_AVAILABILITY = YES_AGGRESSIVE;
				CLANG_WARN_UNREACHABLE_CODE = YES;
				CLANG_WARN__DUPLICATE_METHOD_MATCH = YES;
				COPY_PHASE_STRIP = NO;
				DEBUG_INFORMATION_FORMAT = dwarf;
				ENABLE_STRICT_OBJC_MSGSEND = YES;
				ENABLE_TESTABILITY = YES;
				GCC_C_LANGUAGE_STANDARD = gnu11;
				GCC_DYNAMIC_NO_PIC = NO;
				GCC_NO_COMMON_BLOCKS = YES;
				GCC_OPTIMIZATION_LEVEL = 0;
				GCC_PREPROCESSOR_DEFINITIONS = (
					"DEBUG=1",
					"$(inherited)",
				);
				GCC_WARN_64_TO_32_BIT_CONVERSION = YES;
				GCC_WARN_ABOUT_RETURN_TYPE = YES_ERROR;
				GCC_WARN_UNDECLARED_SELECTOR = YES;
				GCC_WARN_UNINITIALIZED_AUTOS = YES_AGGRESSIVE;
				GCC_WARN_UNUSED_FUNCTION = YES;
				GCC_WARN_UNUSED_VARIABLE = YES;
				IPHONEOS_DEPLOYMENT_TARGET = 15.0;
				MTL_ENABLE_DEBUG_INFO = INCLUDE_SOURCE;
				MTL_FAST_MATH = YES;
				ONLY_ACTIVE_ARCH = YES;
				SDKROOT = iphoneos;
				SWIFT_ACTIVE_COMPILATION_CONDITIONS = DEBUG;
				SWIFT_OPTIMIZATION_LEVEL = "-Onone";
			};
			name = Debug;
		};
		AAD6646327C8FC27003AE2CD /* Release */ = {
			isa = XCBuildConfiguration;
			buildSettings = {
				ALWAYS_SEARCH_USER_PATHS = NO;
				CLANG_ANALYZER_NONNULL = YES;
				CLANG_ANALYZER_NUMBER_OBJECT_CONVERSION = YES_AGGRESSIVE;
				CLANG_CXX_LANGUAGE_STANDARD = "gnu++17";
				CLANG_CXX_LIBRARY = "libc++";
				CLANG_ENABLE_MODULES = YES;
				CLANG_ENABLE_OBJC_ARC = YES;
				CLANG_ENABLE_OBJC_WEAK = YES;
				CLANG_WARN_BLOCK_CAPTURE_AUTORELEASING = YES;
				CLANG_WARN_BOOL_CONVERSION = YES;
				CLANG_WARN_COMMA = YES;
				CLANG_WARN_CONSTANT_CONVERSION = YES;
				CLANG_WARN_DEPRECATED_OBJC_IMPLEMENTATIONS = YES;
				CLANG_WARN_DIRECT_OBJC_ISA_USAGE = YES_ERROR;
				CLANG_WARN_DOCUMENTATION_COMMENTS = YES;
				CLANG_WARN_EMPTY_BODY = YES;
				CLANG_WARN_ENUM_CONVERSION = YES;
				CLANG_WARN_INFINITE_RECURSION = YES;
				CLANG_WARN_INT_CONVERSION = YES;
				CLANG_WARN_NON_LITERAL_NULL_CONVERSION = YES;
				CLANG_WARN_OBJC_IMPLICIT_RETAIN_SELF = YES;
				CLANG_WARN_OBJC_LITERAL_CONVERSION = YES;
				CLANG_WARN_OBJC_ROOT_CLASS = YES_ERROR;
				CLANG_WARN_QUOTED_INCLUDE_IN_FRAMEWORK_HEADER = YES;
				CLANG_WARN_RANGE_LOOP_ANALYSIS = YES;
				CLANG_WARN_STRICT_PROTOTYPES = YES;
				CLANG_WARN_SUSPICIOUS_MOVE = YES;
				CLANG_WARN_UNGUARDED_AVAILABILITY = YES_AGGRESSIVE;
				CLANG_WARN_UNREACHABLE_CODE = YES;
				CLANG_WARN__DUPLICATE_METHOD_MATCH = YES;
				COPY_PHASE_STRIP = NO;
				DEBUG_INFORMATION_FORMAT = "dwarf-with-dsym";
				ENABLE_NS_ASSERTIONS = NO;
				ENABLE_STRICT_OBJC_MSGSEND = YES;
				GCC_C_LANGUAGE_STANDARD = gnu11;
				GCC_NO_COMMON_BLOCKS = YES;
				GCC_WARN_64_TO_32_BIT_CONVERSION = YES;
				GCC_WARN_ABOUT_RETURN_TYPE = YES_ERROR;
				GCC_WARN_UNDECLARED_SELECTOR = YES;
				GCC_WARN_UNINITIALIZED_AUTOS = YES_AGGRESSIVE;
				GCC_WARN_UNUSED_FUNCTION = YES;
				GCC_WARN_UNUSED_VARIABLE = YES;
				IPHONEOS_DEPLOYMENT_TARGET = 15.0;
				MTL_ENABLE_DEBUG_INFO = NO;
				MTL_FAST_MATH = YES;
				SDKROOT = iphoneos;
				SWIFT_COMPILATION_MODE = wholemodule;
				SWIFT_OPTIMIZATION_LEVEL = "-O";
				VALIDATE_PRODUCT = YES;
			};
			name = Release;
		};
		AAD6646527C8FC27003AE2CD /* Debug */ = {
			isa = XCBuildConfiguration;
			buildSettings = {
				ASSETCATALOG_COMPILER_APPICON_NAME = AppIcon;
				ASSETCATALOG_COMPILER_GLOBAL_ACCENT_COLOR_NAME = AccentColor;
				CODE_SIGN_STYLE = Automatic;
				CURRENT_PROJECT_VERSION = 1;
				DEVELOPMENT_ASSET_PATHS = "\"SwiftUI-Login-Screen/Preview Content\"";
				ENABLE_PREVIEWS = YES;
				GENERATE_INFOPLIST_FILE = YES;
				INFOPLIST_KEY_UIApplicationSceneManifest_Generation = YES;
				INFOPLIST_KEY_UIApplicationSupportsIndirectInputEvents = YES;
				INFOPLIST_KEY_UILaunchScreen_Generation = YES;
				INFOPLIST_KEY_UISupportedInterfaceOrientations_iPad = "UIInterfaceOrientationPortrait UIInterfaceOrientationPortraitUpsideDown UIInterfaceOrientationLandscapeLeft UIInterfaceOrientationLandscapeRight";
				INFOPLIST_KEY_UISupportedInterfaceOrientations_iPhone = "UIInterfaceOrientationPortrait UIInterfaceOrientationLandscapeLeft UIInterfaceOrientationLandscapeRight";
				IPHONEOS_DEPLOYMENT_TARGET = 15.0;
				LD_RUNPATH_SEARCH_PATHS = (
					"$(inherited)",
					"@executable_path/Frameworks",
				);
				MARKETING_VERSION = 1.0;
				PRODUCT_BUNDLE_IDENTIFIER = "Ethan.SwiftUI-Login-Screen";
				PRODUCT_NAME = "$(TARGET_NAME)";
				SWIFT_EMIT_LOC_STRINGS = YES;
				SWIFT_VERSION = 5.0;
				TARGETED_DEVICE_FAMILY = 1;
			};
			name = Debug;
		};
		AAD6646627C8FC27003AE2CD /* Release */ = {
			isa = XCBuildConfiguration;
			buildSettings = {
				ASSETCATALOG_COMPILER_APPICON_NAME = AppIcon;
				ASSETCATALOG_COMPILER_GLOBAL_ACCENT_COLOR_NAME = AccentColor;
				CODE_SIGN_STYLE = Automatic;
				CURRENT_PROJECT_VERSION = 1;
				DEVELOPMENT_ASSET_PATHS = "\"SwiftUI-Login-Screen/Preview Content\"";
				ENABLE_PREVIEWS = YES;
				GENERATE_INFOPLIST_FILE = YES;
				INFOPLIST_KEY_UIApplicationSceneManifest_Generation = YES;
				INFOPLIST_KEY_UIApplicationSupportsIndirectInputEvents = YES;
				INFOPLIST_KEY_UILaunchScreen_Generation = YES;
				INFOPLIST_KEY_UISupportedInterfaceOrientations_iPad = "UIInterfaceOrientationPortrait UIInterfaceOrientationPortraitUpsideDown UIInterfaceOrientationLandscapeLeft UIInterfaceOrientationLandscapeRight";
				INFOPLIST_KEY_UISupportedInterfaceOrientations_iPhone = "UIInterfaceOrientationPortrait UIInterfaceOrientationLandscapeLeft UIInterfaceOrientationLandscapeRight";
				IPHONEOS_DEPLOYMENT_TARGET = 15.0;
				LD_RUNPATH_SEARCH_PATHS = (
					"$(inherited)",
					"@executable_path/Frameworks",
				);
				MARKETING_VERSION = 1.0;
				PRODUCT_BUNDLE_IDENTIFIER = "Ethan.SwiftUI-Login-Screen";
				PRODUCT_NAME = "$(TARGET_NAME)";
				SWIFT_EMIT_LOC_STRINGS = YES;
				SWIFT_VERSION = 5.0;
				TARGETED_DEVICE_FAMILY = 1;
			};
			name = Release;
		};
		AAD6646827C8FC27003AE2CD /* Debug */ = {
			isa = XCBuildConfiguration;
			buildSettings = {
				ALWAYS_EMBED_SWIFT_STANDARD_LIBRARIES = YES;
				BUNDLE_LOADER = "$(TEST_HOST)";
				CODE_SIGN_STYLE = Automatic;
				CURRENT_PROJECT_VERSION = 1;
				GENERATE_INFOPLIST_FILE = YES;
				IPHONEOS_DEPLOYMENT_TARGET = 15.0;
				MARKETING_VERSION = 1.0;
				PRODUCT_BUNDLE_IDENTIFIER = "Ethan.SwiftUI-Login-ScreenTests";
				PRODUCT_NAME = "$(TARGET_NAME)";
				SWIFT_EMIT_LOC_STRINGS = NO;
				SWIFT_VERSION = 5.0;
				TARGETED_DEVICE_FAMILY = "1,2";
				TEST_HOST = "$(BUILT_PRODUCTS_DIR)/SwiftUI-Login-Screen.app/SwiftUI-Login-Screen";
			};
			name = Debug;
		};
		AAD6646927C8FC27003AE2CD /* Release */ = {
			isa = XCBuildConfiguration;
			buildSettings = {
				ALWAYS_EMBED_SWIFT_STANDARD_LIBRARIES = YES;
				BUNDLE_LOADER = "$(TEST_HOST)";
				CODE_SIGN_STYLE = Automatic;
				CURRENT_PROJECT_VERSION = 1;
				GENERATE_INFOPLIST_FILE = YES;
				IPHONEOS_DEPLOYMENT_TARGET = 15.0;
				MARKETING_VERSION = 1.0;
				PRODUCT_BUNDLE_IDENTIFIER = "Ethan.SwiftUI-Login-ScreenTests";
				PRODUCT_NAME = "$(TARGET_NAME)";
				SWIFT_EMIT_LOC_STRINGS = NO;
				SWIFT_VERSION = 5.0;
				TARGETED_DEVICE_FAMILY = "1,2";
				TEST_HOST = "$(BUILT_PRODUCTS_DIR)/SwiftUI-Login-Screen.app/SwiftUI-Login-Screen";
			};
			name = Release;
		};
		AAD6646B27C8FC27003AE2CD /* Debug */ = {
			isa = XCBuildConfiguration;
			buildSettings = {
				ALWAYS_EMBED_SWIFT_STANDARD_LIBRARIES = YES;
				CODE_SIGN_STYLE = Automatic;
				CURRENT_PROJECT_VERSION = 1;
				GENERATE_INFOPLIST_FILE = YES;
				MARKETING_VERSION = 1.0;
				PRODUCT_BUNDLE_IDENTIFIER = "Ethan.SwiftUI-Login-ScreenUITests";
				PRODUCT_NAME = "$(TARGET_NAME)";
				SWIFT_EMIT_LOC_STRINGS = NO;
				SWIFT_VERSION = 5.0;
				TARGETED_DEVICE_FAMILY = "1,2";
				TEST_TARGET_NAME = "SwiftUI-Login-Screen";
			};
			name = Debug;
		};
		AAD6646C27C8FC27003AE2CD /* Release */ = {
			isa = XCBuildConfiguration;
			buildSettings = {
				ALWAYS_EMBED_SWIFT_STANDARD_LIBRARIES = YES;
				CODE_SIGN_STYLE = Automatic;
				CURRENT_PROJECT_VERSION = 1;
				GENERATE_INFOPLIST_FILE = YES;
				MARKETING_VERSION = 1.0;
				PRODUCT_BUNDLE_IDENTIFIER = "Ethan.SwiftUI-Login-ScreenUITests";
				PRODUCT_NAME = "$(TARGET_NAME)";
				SWIFT_EMIT_LOC_STRINGS = NO;
				SWIFT_VERSION = 5.0;
				TARGETED_DEVICE_FAMILY = "1,2";
				TEST_TARGET_NAME = "SwiftUI-Login-Screen";
			};
			name = Release;
		};
/* End XCBuildConfiguration section */

/* Begin XCConfigurationList section */
		AAD6643B27C8FC25003AE2CD /* Build configuration list for PBXProject "SwiftUI-Login-Screen" */ = {
			isa = XCConfigurationList;
			buildConfigurations = (
				AAD6646227C8FC27003AE2CD /* Debug */,
				AAD6646327C8FC27003AE2CD /* Release */,
			);
			defaultConfigurationIsVisible = 0;
			defaultConfigurationName = Release;
		};
		AAD6646427C8FC27003AE2CD /* Build configuration list for PBXNativeTarget "SwiftUI-Login-Screen" */ = {
			isa = XCConfigurationList;
			buildConfigurations = (
				AAD6646527C8FC27003AE2CD /* Debug */,
				AAD6646627C8FC27003AE2CD /* Release */,
			);
			defaultConfigurationIsVisible = 0;
			defaultConfigurationName = Release;
		};
		AAD6646727C8FC27003AE2CD /* Build configuration list for PBXNativeTarget "SwiftUI-Login-ScreenTests" */ = {
			isa = XCConfigurationList;
			buildConfigurations = (
				AAD6646827C8FC27003AE2CD /* Debug */,
				AAD6646927C8FC27003AE2CD /* Release */,
			);
			defaultConfigurationIsVisible = 0;
			defaultConfigurationName = Release;
		};
		AAD6646A27C8FC27003AE2CD /* Build configuration list for PBXNativeTarget "SwiftUI-Login-ScreenUITests" */ = {
			isa = XCConfigurationList;
			buildConfigurations = (
				AAD6646B27C8FC27003AE2CD /* Debug */,
				AAD6646C27C8FC27003AE2CD /* Release */,
			);
			defaultConfigurationIsVisible = 0;
			defaultConfigurationName = Release;
		};
/* End XCConfigurationList section */

/* Begin XCRemoteSwiftPackageReference section */
		AAD6646D27CA33B1003AE2CD /* XCRemoteSwiftPackageReference "lottie-ios" */ = {
			isa = XCRemoteSwiftPackageReference;
			repositoryURL = "https://github.com/airbnb/lottie-ios.git";
			requirement = {
				kind = upToNextMajorVersion;
				minimumVersion = 3.0.0;
			};
		};
/* End XCRemoteSwiftPackageReference section */

/* Begin XCSwiftPackageProductDependency section */
		AAD6646E27CA33B1003AE2CD /* Lottie */ = {
			isa = XCSwiftPackageProductDependency;
			package = AAD6646D27CA33B1003AE2CD /* XCRemoteSwiftPackageReference "lottie-ios" */;
			productName = Lottie;
		};
/* End XCSwiftPackageProductDependency section */
	};
	rootObject = AAD6643827C8FC25003AE2CD /* Project object */;
}
